
Microsoft Visual Studio Solution File, Format Version 12.00
# Visual Studio 15
VisualStudioVersion = 15.0.28307.757
MinimumVisualStudioVersion = 10.0.40219.1
Project("{FAE04EC0-301F-11D3-BF4B-00C04F79EFBC}") = "TriFibonacci", "TriFibonacci\TriFibonacci.csproj", "{077AC87C-04CF-421A-AD3E-63CEA5BADF97}"
EndProject
Global
	GlobalSection(SolutionConfigurationPlatforms) = preSolution
		Debug|Any CPU = Debug|Any CPU
		Release|Any CPU = Release|Any CPU
	EndGlobalSection
	GlobalSection(ProjectConfigurationPlatforms) = postSolution
		{077AC87C-04CF-421A-AD3E-63CEA5BADF97}.Debug|Any CPU.ActiveCfg = Debug|Any CPU
		{077AC87C-04CF-421A-AD3E-63CEA5BADF97}.Debug|Any CPU.Build.0 = Debug|Any CPU
		{077AC87C-04CF-421A-AD3E-63CEA5BADF97}.Release|Any CPU.ActiveCfg = Release|Any CPU
		{077AC87C-04CF-421A-AD3E-63CEA5BADF97}.Release|Any CPU.Build.0 = Release|Any CPU
	EndGlobalSection
	GlobalSection(SolutionProperties) = preSolution
		HideSolutionNode = FALSE
	EndGlobalSection
	GlobalSection(ExtensibilityGlobals) = postSolution
		SolutionGuid = {5EA5274B-6BBB-4916-8280-238EE077B307}
	EndGlobalSection
EndGlobal
